// !$*UTF8*$!
{
	archiveVersion = 1;
	classes = {
	};
	objectVersion = 50;
	objects = {

/* Begin PBXBuildFile section */
		6611342B2A0C798900C7E19D /* AppDelegate.swift in Sources */ = {isa = PBXBuildFile; fileRef = 6611342A2A0C798900C7E19D /* AppDelegate.swift */; };
		6611342D2A0C798900C7E19D /* ViewController.swift in Sources */ = {isa = PBXBuildFile; fileRef = 6611342C2A0C798900C7E19D /* ViewController.swift */; };
		661134302A0C798900C7E19D /* Main.storyboard in Resources */ = {isa = PBXBuildFile; fileRef = 6611342E2A0C798900C7E19D /* Main.storyboard */; };
		661134322A0C798C00C7E19D /* Assets.xcassets in Resources */ = {isa = PBXBuildFile; fileRef = 661134312A0C798C00C7E19D /* Assets.xcassets */; };
		661134352A0C798C00C7E19D /* LaunchScreen.storyboard in Resources */ = {isa = PBXBuildFile; fileRef = 661134332A0C798C00C7E19D /* LaunchScreen.storyboard */; };
		661134402A0C798C00C7E19D /* HotelTests.swift in Sources */ = {isa = PBXBuildFile; fileRef = 6611343F2A0C798C00C7E19D /* HotelTests.swift */; };
		6611344B2A0C798C00C7E19D /* HotelUITests.swift in Sources */ = {isa = PBXBuildFile; fileRef = 6611344A2A0C798C00C7E19D /* HotelUITests.swift */; };
/* End PBXBuildFile section */

/* Begin PBXContainerItemProxy section */
		6611343C2A0C798C00C7E19D /* PBXContainerItemProxy */ = {
			isa = PBXContainerItemProxy;
			containerPortal = 6611341F2A0C798900C7E19D /* Project object */;
			proxyType = 1;
			remoteGlobalIDString = 661134262A0C798900C7E19D;
			remoteInfo = Hotel;
		};
		661134472A0C798C00C7E19D /* PBXContainerItemProxy */ = {
			isa = PBXContainerItemProxy;
			containerPortal = 6611341F2A0C798900C7E19D /* Project object */;
			proxyType = 1;
			remoteGlobalIDString = 661134262A0C798900C7E19D;
			remoteInfo = Hotel;
		};
/* End PBXContainerItemProxy section */

/* Begin PBXFileReference section */
		661134272A0C798900C7E19D /* Hotel.app */ = {isa = PBXFileReference; explicitFileType = wrapper.application; includeInIndex = 0; path = Hotel.app; sourceTree = BUILT_PRODUCTS_DIR; };
		6611342A2A0C798900C7E19D /* AppDelegate.swift */ = {isa = PBXFileReference; lastKnownFileType = sourcecode.swift; path = AppDelegate.swift; sourceTree = "<group>"; };
		6611342C2A0C798900C7E19D /* ViewController.swift */ = {isa = PBXFileReference; lastKnownFileType = sourcecode.swift; path = ViewController.swift; sourceTree = "<group>"; };
		6611342F2A0C798900C7E19D /* Base */ = {isa = PBXFileReference; lastKnownFileType = file.storyboard; name = Base; path = Base.lproj/Main.storyboard; sourceTree = "<group>"; };
		661134312A0C798C00C7E19D /* Assets.xcassets */ = {isa = PBXFileReference; lastKnownFileType = folder.assetcatalog; path = Assets.xcassets; sourceTree = "<group>"; };
		661134342A0C798C00C7E19D /* Base */ = {isa = PBXFileReference; lastKnownFileType = file.storyboard; name = Base; path = Base.lproj/LaunchScreen.storyboard; sourceTree = "<group>"; };
		661134362A0C798C00C7E19D /* Info.plist */ = {isa = PBXFileReference; lastKnownFileType = text.plist.xml; path = Info.plist; sourceTree = "<group>"; };
		6611343B2A0C798C00C7E19D /* HotelTests.xctest */ = {isa = PBXFileReference; explicitFileType = wrapper.cfbundle; includeInIndex = 0; path = HotelTests.xctest; sourceTree = BUILT_PRODUCTS_DIR; };
		6611343F2A0C798C00C7E19D /* HotelTests.swift */ = {isa = PBXFileReference; lastKnownFileType = sourcecode.swift; path = HotelTests.swift; sourceTree = "<group>"; };
		661134412A0C798C00C7E19D /* Info.plist */ = {isa = PBXFileReference; lastKnownFileType = text.plist.xml; path = Info.plist; sourceTree = "<group>"; };
		661134462A0C798C00C7E19D /* HotelUITests.xctest */ = {isa = PBXFileReference; explicitFileType = wrapper.cfbundle; includeInIndex = 0; path = HotelUITests.xctest; sourceTree = BUILT_PRODUCTS_DIR; };
		6611344A2A0C798C00C7E19D /* HotelUITests.swift */ = {isa = PBXFileReference; lastKnownFileType = sourcecode.swift; path = HotelUITests.swift; sourceTree = "<group>"; };
		6611344C2A0C798C00C7E19D /* Info.plist */ = {isa = PBXFileReference; lastKnownFileType = text.plist.xml; path = Info.plist; sourceTree = "<group>"; };
/* End PBXFileReference section */

/* Begin PBXFrameworksBuildPhase section */
		661134242A0C798900C7E19D /* Frameworks */ = {
			isa = PBXFrameworksBuildPhase;
			buildActionMask = 2147483647;
			files = (
			);
			runOnlyForDeploymentPostprocessing = 0;
		};
		661134382A0C798C00C7E19D /* Frameworks */ = {
			isa = PBXFrameworksBuildPhase;
			buildActionMask = 2147483647;
			files = (
			);
			runOnlyForDeploymentPostprocessing = 0;
		};
		661134432A0C798C00C7E19D /* Frameworks */ = {
			isa = PBXFrameworksBuildPhase;
			buildActionMask = 2147483647;
			files = (
			);
			runOnlyForDeploymentPostprocessing = 0;
		};
/* End PBXFrameworksBuildPhase section */

/* Begin PBXGroup section */
		6611341E2A0C798900C7E19D = {
			isa = PBXGroup;
			children = (
				661134292A0C798900C7E19D /* Hotel */,
				6611343E2A0C798C00C7E19D /* HotelTests */,
				661134492A0C798C00C7E19D /* HotelUITests */,
				661134282A0C798900C7E19D /* Products */,
			);
			sourceTree = "<group>";
		};
		661134282A0C798900C7E19D /* Products */ = {
			isa = PBXGroup;
			children = (
				661134272A0C798900C7E19D /* Hotel.app */,
				6611343B2A0C798C00C7E19D /* HotelTests.xctest */,
				661134462A0C798C00C7E19D /* HotelUITests.xctest */,
			);
			name = Products;
			sourceTree = "<group>";
		};
		661134292A0C798900C7E19D /* Hotel */ = {
			isa = PBXGroup;
			children = (
				6611342A2A0C798900C7E19D /* AppDelegate.swift */,
				6611342C2A0C798900C7E19D /* ViewController.swift */,
				6611342E2A0C798900C7E19D /* Main.storyboard */,
				661134312A0C798C00C7E19D /* Assets.xcassets */,
				661134332A0C798C00C7E19D /* LaunchScreen.storyboard */,
				661134362A0C798C00C7E19D /* Info.plist */,
			);
			path = Hotel;
			sourceTree = "<group>";
		};
		6611343E2A0C798C00C7E19D /* HotelTests */ = {
			isa = PBXGroup;
			children = (
				6611343F2A0C798C00C7E19D /* HotelTests.swift */,
				661134412A0C798C00C7E19D /* Info.plist */,
			);
			path = HotelTests;
			sourceTree = "<group>";
		};
		661134492A0C798C00C7E19D /* HotelUITests */ = {
			isa = PBXGroup;
			children = (
				6611344A2A0C798C00C7E19D /* HotelUITests.swift */,
				6611344C2A0C798C00C7E19D /* Info.plist */,
			);
			path = HotelUITests;
			sourceTree = "<group>";
		};
/* End PBXGroup section */

/* Begin PBXNativeTarget section */
		661134262A0C798900C7E19D /* Hotel */ = {
			isa = PBXNativeTarget;
			buildConfigurationList = 6611344F2A0C798C00C7E19D /* Build configuration list for PBXNativeTarget "Hotel" */;
			buildPhases = (
				661134232A0C798900C7E19D /* Sources */,
				661134242A0C798900C7E19D /* Frameworks */,
				661134252A0C798900C7E19D /* Resources */,
			);
			buildRules = (
			);
			dependencies = (
			);
			name = Hotel;
			productName = Hotel;
			productReference = 661134272A0C798900C7E19D /* Hotel.app */;
			productType = "com.apple.product-type.application";
		};
		6611343A2A0C798C00C7E19D /* HotelTests */ = {
			isa = PBXNativeTarget;
			buildConfigurationList = 661134522A0C798C00C7E19D /* Build configuration list for PBXNativeTarget "HotelTests" */;
			buildPhases = (
				661134372A0C798C00C7E19D /* Sources */,
				661134382A0C798C00C7E19D /* Frameworks */,
				661134392A0C798C00C7E19D /* Resources */,
			);
			buildRules = (
			);
			dependencies = (
				6611343D2A0C798C00C7E19D /* PBXTargetDependency */,
			);
			name = HotelTests;
			productName = HotelTests;
			productReference = 6611343B2A0C798C00C7E19D /* HotelTests.xctest */;
			productType = "com.apple.product-type.bundle.unit-test";
		};
		661134452A0C798C00C7E19D /* HotelUITests */ = {
			isa = PBXNativeTarget;
			buildConfigurationList = 661134552A0C798C00C7E19D /* Build configuration list for PBXNativeTarget "HotelUITests" */;
			buildPhases = (
				661134422A0C798C00C7E19D /* Sources */,
				661134432A0C798C00C7E19D /* Frameworks */,
				661134442A0C798C00C7E19D /* Resources */,
			);
			buildRules = (
			);
			dependencies = (
				661134482A0C798C00C7E19D /* PBXTargetDependency */,
			);
			name = HotelUITests;
			productName = HotelUITests;
			productReference = 661134462A0C798C00C7E19D /* HotelUITests.xctest */;
			productType = "com.apple.product-type.bundle.ui-testing";
		};
/* End PBXNativeTarget section */

/* Begin PBXProject section */
		6611341F2A0C798900C7E19D /* Project object */ = {
			isa = PBXProject;
			attributes = {
				LastSwiftUpdateCheck = 1030;
				LastUpgradeCheck = 1030;
				ORGANIZATIONNAME = fit.tdc;
				TargetAttributes = {
					661134262A0C798900C7E19D = {
						CreatedOnToolsVersion = 10.3;
					};
					6611343A2A0C798C00C7E19D = {
						CreatedOnToolsVersion = 10.3;
						TestTargetID = 661134262A0C798900C7E19D;
					};
					661134452A0C798C00C7E19D = {
						CreatedOnToolsVersion = 10.3;
						TestTargetID = 661134262A0C798900C7E19D;
					};
				};
			};
			buildConfigurationList = 661134222A0C798900C7E19D /* Build configuration list for PBXProject "Hotel" */;
			compatibilityVersion = "Xcode 9.3";
			developmentRegion = en;
			hasScannedForEncodings = 0;
			knownRegions = (
				en,
				Base,
			);
			mainGroup = 6611341E2A0C798900C7E19D;
			productRefGroup = 661134282A0C798900C7E19D /* Products */;
			projectDirPath = "";
			projectRoot = "";
			targets = (
				661134262A0C798900C7E19D /* Hotel */,
				6611343A2A0C798C00C7E19D /* HotelTests */,
				661134452A0C798C00C7E19D /* HotelUITests */,
			);
		};
/* End PBXProject section */

/* Begin PBXResourcesBuildPhase section */
		661134252A0C798900C7E19D /* Resources */ = {
			isa = PBXResourcesBuildPhase;
			buildActionMask = 2147483647;
			files = (
				661134352A0C798C00C7E19D /* LaunchScreen.storyboard in Resources */,
				661134322A0C798C00C7E19D /* Assets.xcassets in Resources */,
				661134302A0C798900C7E19D /* Main.storyboard in Resources */,
			);
			runOnlyForDeploymentPostprocessing = 0;
		};
		661134392A0C798C00C7E19D /* Resources */ = {
			isa = PBXResourcesBuildPhase;
			buildActionMask = 2147483647;
			files = (
			);
			runOnlyForDeploymentPostprocessing = 0;
		};
		661134442A0C798C00C7E19D /* Resources */ = {
			isa = PBXResourcesBuildPhase;
			buildActionMask = 2147483647;
			files = (
			);
			runOnlyForDeploymentPostprocessing = 0;
		};
/* End PBXResourcesBuildPhase section */

/* Begin PBXSourcesBuildPhase section */
		661134232A0C798900C7E19D /* Sources */ = {
			isa = PBXSourcesBuildPhase;
			buildActionMask = 2147483647;
			files = (
				6611342D2A0C798900C7E19D /* ViewController.swift in Sources */,
				6611342B2A0C798900C7E19D /* AppDelegate.swift in Sources */,
			);
			runOnlyForDeploymentPostprocessing = 0;
		};
		661134372A0C798C00C7E19D /* Sources */ = {
			isa = PBXSourcesBuildPhase;
			buildActionMask = 2147483647;
			files = (
				661134402A0C798C00C7E19D /* HotelTests.swift in Sources */,
			);
			runOnlyForDeploymentPostprocessing = 0;
		};
		661134422A0C798C00C7E19D /* Sources */ = {
			isa = PBXSourcesBuildPhase;
			buildActionMask = 2147483647;
			files = (
				6611344B2A0C798C00C7E19D /* HotelUITests.swift in Sources */,
			);
			runOnlyForDeploymentPostprocessing = 0;
		};
/* End PBXSourcesBuildPhase section */

/* Begin PBXTargetDependency section */
		6611343D2A0C798C00C7E19D /* PBXTargetDependency */ = {
			isa = PBXTargetDependency;
			target = 661134262A0C798900C7E19D /* Hotel */;
			targetProxy = 6611343C2A0C798C00C7E19D /* PBXContainerItemProxy */;
		};
		661134482A0C798C00C7E19D /* PBXTargetDependency */ = {
			isa = PBXTargetDependency;
			target = 661134262A0C798900C7E19D /* Hotel */;
			targetProxy = 661134472A0C798C00C7E19D /* PBXContainerItemProxy */;
		};
/* End PBXTargetDependency section */

/* Begin PBXVariantGroup section */
		6611342E2A0C798900C7E19D /* Main.storyboard */ = {
			isa = PBXVariantGroup;
			children = (
				6611342F2A0C798900C7E19D /* Base */,
			);
			name = Main.storyboard;
			sourceTree = "<group>";
		};
		661134332A0C798C00C7E19D /* LaunchScreen.storyboard */ = {
			isa = PBXVariantGroup;
			children = (
				661134342A0C798C00C7E19D /* Base */,
			);
			name = LaunchScreen.storyboard;
			sourceTree = "<group>";
		};
/* End PBXVariantGroup section */

/* Begin XCBuildConfiguration section */
		6611344D2A0C798C00C7E19D /* Debug */ = {
			isa = XCBuildConfiguration;
			buildSettings = {
				ALWAYS_SEARCH_USER_PATHS = NO;
				CLANG_ANALYZER_NONNULL = YES;
				CLANG_ANALYZER_NUMBER_OBJECT_CONVERSION = YES_AGGRESSIVE;
				CLANG_CXX_LANGUAGE_STANDARD = "gnu++14";
				CLANG_CXX_LIBRARY = "libc++";
				CLANG_ENABLE_MODULES = YES;
				CLANG_ENABLE_OBJC_ARC = YES;
				CLANG_ENABLE_OBJC_WEAK = YES;
				CLANG_WARN_BLOCK_CAPTURE_AUTORELEASING = YES;
				CLANG_WARN_BOOL_CONVERSION = YES;
				CLANG_WARN_COMMA = YES;
				CLANG_WARN_CONSTANT_CONVERSION = YES;
				CLANG_WARN_DEPRECATED_OBJC_IMPLEMENTATIONS = YES;
				CLANG_WARN_DIRECT_OBJC_ISA_USAGE = YES_ERROR;
				CLANG_WARN_DOCUMENTATION_COMMENTS = YES;
				CLANG_WARN_EMPTY_BODY = YES;
				CLANG_WARN_ENUM_CONVERSION = YES;
				CLANG_WARN_INFINITE_RECURSION = YES;
				CLANG_WARN_INT_CONVERSION = YES;
				CLANG_WARN_NON_LITERAL_NULL_CONVERSION = YES;
				CLANG_WARN_OBJC_IMPLICIT_RETAIN_SELF = YES;
				CLANG_WARN_OBJC_LITERAL_CONVERSION = YES;
				CLANG_WARN_OBJC_ROOT_CLASS = YES_ERROR;
				CLANG_WARN_RANGE_LOOP_ANALYSIS = YES;
				CLANG_WARN_STRICT_PROTOTYPES = YES;
				CLANG_WARN_SUSPICIOUS_MOVE = YES;
				CLANG_WARN_UNGUARDED_AVAILABILITY = YES_AGGRESSIVE;
				CLANG_WARN_UNREACHABLE_CODE = YES;
				CLANG_WARN__DUPLICATE_METHOD_MATCH = YES;
				CODE_SIGN_IDENTITY = "iPhone Developer";
				COPY_PHASE_STRIP = NO;
				DEBUG_INFORMATION_FORMAT = dwarf;
				ENABLE_STRICT_OBJC_MSGSEND = YES;
				ENABLE_TESTABILITY = YES;
				GCC_C_LANGUAGE_STANDARD = gnu11;
				GCC_DYNAMIC_NO_PIC = NO;
				GCC_NO_COMMON_BLOCKS = YES;
				GCC_OPTIMIZATION_LEVEL = 0;
				GCC_PREPROCESSOR_DEFINITIONS = (
					"DEBUG=1",
					"$(inherited)",
				);
				GCC_WARN_64_TO_32_BIT_CONVERSION = YES;
				GCC_WARN_ABOUT_RETURN_TYPE = YES_ERROR;
				GCC_WARN_UNDECLARED_SELECTOR = YES;
				GCC_WARN_UNINITIALIZED_AUTOS = YES_AGGRESSIVE;
				GCC_WARN_UNUSED_FUNCTION = YES;
				GCC_WARN_UNUSED_VARIABLE = YES;
				IPHONEOS_DEPLOYMENT_TARGET = 12.4;
				MTL_ENABLE_DEBUG_INFO = INCLUDE_SOURCE;
				MTL_FAST_MATH = YES;
				ONLY_ACTIVE_ARCH = YES;
				SDKROOT = iphoneos;
				SWIFT_ACTIVE_COMPILATION_CONDITIONS = DEBUG;
				SWIFT_OPTIMIZATION_LEVEL = "-Onone";
			};
			name = Debug;
		};
		6611344E2A0C798C00C7E19D /* Release */ = {
			isa = XCBuildConfiguration;
			buildSettings = {
				ALWAYS_SEARCH_USER_PATHS = NO;
				CLANG_ANALYZER_NONNULL = YES;
				CLANG_ANALYZER_NUMBER_OBJECT_CONVERSION = YES_AGGRESSIVE;
				CLANG_CXX_LANGUAGE_STANDARD = "gnu++14";
				CLANG_CXX_LIBRARY = "libc++";
				CLANG_ENABLE_MODULES = YES;
				CLANG_ENABLE_OBJC_ARC = YES;
				CLANG_ENABLE_OBJC_WEAK = YES;
				CLANG_WARN_BLOCK_CAPTURE_AUTORELEASING = YES;
				CLANG_WARN_BOOL_CONVERSION = YES;
				CLANG_WARN_COMMA = YES;
				CLANG_WARN_CONSTANT_CONVERSION = YES;
				CLANG_WARN_DEPRECATED_OBJC_IMPLEMENTATIONS = YES;
				CLANG_WARN_DIRECT_OBJC_ISA_USAGE = YES_ERROR;
				CLANG_WARN_DOCUMENTATION_COMMENTS = YES;
				CLANG_WARN_EMPTY_BODY = YES;
				CLANG_WARN_ENUM_CONVERSION = YES;
				CLANG_WARN_INFINITE_RECURSION = YES;
				CLANG_WARN_INT_CONVERSION = YES;
				CLANG_WARN_NON_LITERAL_NULL_CONVERSION = YES;
				CLANG_WARN_OBJC_IMPLICIT_RETAIN_SELF = YES;
				CLANG_WARN_OBJC_LITERAL_CONVERSION = YES;
				CLANG_WARN_OBJC_ROOT_CLASS = YES_ERROR;
				CLANG_WARN_RANGE_LOOP_ANALYSIS = YES;
				CLANG_WARN_STRICT_PROTOTYPES = YES;
				CLANG_WARN_SUSPICIOUS_MOVE = YES;
				CLANG_WARN_UNGUARDED_AVAILABILITY = YES_AGGRESSIVE;
				CLANG_WARN_UNREACHABLE_CODE = YES;
				CLANG_WARN__DUPLICATE_METHOD_MATCH = YES;
				CODE_SIGN_IDENTITY = "iPhone Developer";
				COPY_PHASE_STRIP = NO;
				DEBUG_INFORMATION_FORMAT = "dwarf-with-dsym";
				ENABLE_NS_ASSERTIONS = NO;
				ENABLE_STRICT_OBJC_MSGSEND = YES;
				GCC_C_LANGUAGE_STANDARD = gnu11;
				GCC_NO_COMMON_BLOCKS = YES;
				GCC_WARN_64_TO_32_BIT_CONVERSION = YES;
				GCC_WARN_ABOUT_RETURN_TYPE = YES_ERROR;
				GCC_WARN_UNDECLARED_SELECTOR = YES;
				GCC_WARN_UNINITIALIZED_AUTOS = YES_AGGRESSIVE;
				GCC_WARN_UNUSED_FUNCTION = YES;
				GCC_WARN_UNUSED_VARIABLE = YES;
				IPHONEOS_DEPLOYMENT_TARGET = 12.4;
				MTL_ENABLE_DEBUG_INFO = NO;
				MTL_FAST_MATH = YES;
				SDKROOT = iphoneos;
				SWIFT_COMPILATION_MODE = wholemodule;
				SWIFT_OPTIMIZATION_LEVEL = "-O";
				VALIDATE_PRODUCT = YES;
			};
			name = Release;
		};
		661134502A0C798C00C7E19D /* Debug */ = {
			isa = XCBuildConfiguration;
			buildSettings = {
				ASSETCATALOG_COMPILER_APPICON_NAME = AppIcon;
				CODE_SIGN_STYLE = Automatic;
				INFOPLIST_FILE = Hotel/Info.plist;
				LD_RUNPATH_SEARCH_PATHS = (
					"$(inherited)",
					"@executable_path/Frameworks",
				);
				PRODUCT_BUNDLE_IDENTIFIER = vn.tdc.edu.Hotel;
				PRODUCT_NAME = "$(TARGET_NAME)";
				SWIFT_VERSION = 5.0;
				TARGETED_DEVICE_FAMILY = "1,2";
			};
			name = Debug;
		};
		661134512A0C798C00C7E19D /* Release */ = {
			isa = XCBuildConfiguration;
			buildSettings = {
				ASSETCATALOG_COMPILER_APPICON_NAME = AppIcon;
				CODE_SIGN_STYLE = Automatic;
				INFOPLIST_FILE = Hotel/Info.plist;
				LD_RUNPATH_SEARCH_PATHS = (
					"$(inherited)",
					"@executable_path/Frameworks",
				);
				PRODUCT_BUNDLE_IDENTIFIER = vn.tdc.edu.Hotel;
				PRODUCT_NAME = "$(TARGET_NAME)";
				SWIFT_VERSION = 5.0;
				TARGETED_DEVICE_FAMILY = "1,2";
			};
			name = Release;
		};
		661134532A0C798C00C7E19D /* Debug */ = {
			isa = XCBuildConfiguration;
			buildSettings = {
				ALWAYS_EMBED_SWIFT_STANDARD_LIBRARIES = YES;
				BUNDLE_LOADER = "$(TEST_HOST)";
				CODE_SIGN_STYLE = Automatic;
				INFOPLIST_FILE = HotelTests/Info.plist;
				LD_RUNPATH_SEARCH_PATHS = (
					"$(inherited)",
					"@executable_path/Frameworks",
					"@loader_path/Frameworks",
				);
				PRODUCT_BUNDLE_IDENTIFIER = vn.tdc.edu.HotelTests;
				PRODUCT_NAME = "$(TARGET_NAME)";
				SWIFT_VERSION = 5.0;
				TARGETED_DEVICE_FAMILY = "1,2";
				TEST_HOST = "$(BUILT_PRODUCTS_DIR)/Hotel.app/Hotel";
			};
			name = Debug;
		};
		661134542A0C798C00C7E19D /* Release */ = {
			isa = XCBuildConfiguration;
			buildSettings = {
				ALWAYS_EMBED_SWIFT_STANDARD_LIBRARIES = YES;
				BUNDLE_LOADER = "$(TEST_HOST)";
				CODE_SIGN_STYLE = Automatic;
				INFOPLIST_FILE = HotelTests/Info.plist;
				LD_RUNPATH_SEARCH_PATHS = (
					"$(inherited)",
					"@executable_path/Frameworks",
					"@loader_path/Frameworks",
				);
				PRODUCT_BUNDLE_IDENTIFIER = vn.tdc.edu.HotelTests;
				PRODUCT_NAME = "$(TARGET_NAME)";
				SWIFT_VERSION = 5.0;
				TARGETED_DEVICE_FAMILY = "1,2";
				TEST_HOST = "$(BUILT_PRODUCTS_DIR)/Hotel.app/Hotel";
			};
			name = Release;
		};
		661134562A0C798C00C7E19D /* Debug */ = {
			isa = XCBuildConfiguration;
			buildSettings = {
				ALWAYS_EMBED_SWIFT_STANDARD_LIBRARIES = YES;
				CODE_SIGN_STYLE = Automatic;
				INFOPLIST_FILE = HotelUITests/Info.plist;
				LD_RUNPATH_SEARCH_PATHS = (
					"$(inherited)",
					"@executable_path/Frameworks",
					"@loader_path/Frameworks",
				);
				PRODUCT_BUNDLE_IDENTIFIER = vn.tdc.edu.HotelUITests;
				PRODUCT_NAME = "$(TARGET_NAME)";
				SWIFT_VERSION = 5.0;
				TARGETED_DEVICE_FAMILY = "1,2";
				TEST_TARGET_NAME = Hotel;
			};
			name = Debug;
		};
		661134572A0C798C00C7E19D /* Release */ = {
			isa = XCBuildConfiguration;
			buildSettings = {
				ALWAYS_EMBED_SWIFT_STANDARD_LIBRARIES = YES;
				CODE_SIGN_STYLE = Automatic;
				INFOPLIST_FILE = HotelUITests/Info.plist;
				LD_RUNPATH_SEARCH_PATHS = (
					"$(inherited)",
					"@executable_path/Frameworks",
					"@loader_path/Frameworks",
				);
				PRODUCT_BUNDLE_IDENTIFIER = vn.tdc.edu.HotelUITests;
				PRODUCT_NAME = "$(TARGET_NAME)";
				SWIFT_VERSION = 5.0;
				TARGETED_DEVICE_FAMILY = "1,2";
				TEST_TARGET_NAME = Hotel;
			};
			name = Release;
		};
/* End XCBuildConfiguration section */

/* Begin XCConfigurationList section */
		661134222A0C798900C7E19D /* Build configuration list for PBXProject "Hotel" */ = {
			isa = XCConfigurationList;
			buildConfigurations = (
				6611344D2A0C798C00C7E19D /* Debug */,
				6611344E2A0C798C00C7E19D /* Release */,
			);
			defaultConfigurationIsVisible = 0;
			defaultConfigurationName = Release;
		};
		6611344F2A0C798C00C7E19D /* Build configuration list for PBXNativeTarget "Hotel" */ = {
			isa = XCConfigurationList;
			buildConfigurations = (
				661134502A0C798C00C7E19D /* Debug */,
				661134512A0C798C00C7E19D /* Release */,
			);
			defaultConfigurationIsVisible = 0;
			defaultConfigurationName = Release;
		};
		661134522A0C798C00C7E19D /* Build configuration list for PBXNativeTarget "HotelTests" */ = {
			isa = XCConfigurationList;
			buildConfigurations = (
				661134532A0C798C00C7E19D /* Debug */,
				661134542A0C798C00C7E19D /* Release */,
			);
			defaultConfigurationIsVisible = 0;
			defaultConfigurationName = Release;
		};
		661134552A0C798C00C7E19D /* Build configuration list for PBXNativeTarget "HotelUITests" */ = {
			isa = XCConfigurationList;
			buildConfigurations = (
				661134562A0C798C00C7E19D /* Debug */,
				661134572A0C798C00C7E19D /* Release */,
			);
			defaultConfigurationIsVisible = 0;
			defaultConfigurationName = Release;
		};
/* End XCConfigurationList section */
	};
	rootObject = 6611341F2A0C798900C7E19D /* Project object */;
}
